// !$*UTF8*$!
{
	archiveVersion = 1;
	classes = {
	};
	objectVersion = 50;
	objects = {

/* Begin PBXBuildFile section */
		841913AC264E5B9B00B38CB6 /* AppDelegate.swift in Sources */ = {isa = PBXBuildFile; fileRef = 841913AB264E5B9B00B38CB6 /* AppDelegate.swift */; };
		841913B2264E5BA000B38CB6 /* Assets.xcassets in Resources */ = {isa = PBXBuildFile; fileRef = 841913B1264E5BA000B38CB6 /* Assets.xcassets */; };
		841913B5264E5BA000B38CB6 /* Preview Assets.xcassets in Resources */ = {isa = PBXBuildFile; fileRef = 841913B4264E5BA000B38CB6 /* Preview Assets.xcassets */; };
		84F9E31C264E5D810032F312 /* ListView.swift in Sources */ = {isa = PBXBuildFile; fileRef = 84F9E31B264E5D810032F312 /* ListView.swift */; };
		84F9E321264E60710032F312 /* ListRowView.swift in Sources */ = {isa = PBXBuildFile; fileRef = 84F9E320264E60710032F312 /* ListRowView.swift */; };
		84F9E324264E63130032F312 /* AddView.swift in Sources */ = {isa = PBXBuildFile; fileRef = 84F9E323264E63130032F312 /* AddView.swift */; };
		84F9E328264E8FF00032F312 /* ItemModel.swift in Sources */ = {isa = PBXBuildFile; fileRef = 84F9E327264E8FF00032F312 /* ItemModel.swift */; };
		84F9E32D264E99940032F312 /* ListViewModel.swift in Sources */ = {isa = PBXBuildFile; fileRef = 84F9E32C264E99940032F312 /* ListViewModel.swift */; };
		84F9E334264FC05C0032F312 /* NoItemView.swift in Sources */ = {isa = PBXBuildFile; fileRef = 84F9E333264FC05C0032F312 /* NoItemView.swift */; };
		84F9E339264FE3210032F312 /* LaunchScreen.storyboard in Resources */ = {isa = PBXBuildFile; fileRef = 84F9E338264FE3210032F312 /* LaunchScreen.storyboard */; };
		84F9E33F265498110032F312 /* OpenView.swift in Sources */ = {isa = PBXBuildFile; fileRef = 84F9E33E265498110032F312 /* OpenView.swift */; };
/* End PBXBuildFile section */

/* Begin PBXFileReference section */
		841913A8264E5B9B00B38CB6 /* ToDoList.app */ = {isa = PBXFileReference; explicitFileType = wrapper.application; includeInIndex = 0; path = ToDoList.app; sourceTree = BUILT_PRODUCTS_DIR; };
		841913AB264E5B9B00B38CB6 /* AppDelegate.swift */ = {isa = PBXFileReference; lastKnownFileType = sourcecode.swift; path = AppDelegate.swift; sourceTree = "<group>"; };
		841913B1264E5BA000B38CB6 /* Assets.xcassets */ = {isa = PBXFileReference; lastKnownFileType = folder.assetcatalog; path = Assets.xcassets; sourceTree = "<group>"; };
		841913B4264E5BA000B38CB6 /* Preview Assets.xcassets */ = {isa = PBXFileReference; lastKnownFileType = folder.assetcatalog; path = "Preview Assets.xcassets"; sourceTree = "<group>"; };
		841913B9264E5BA000B38CB6 /* Info.plist */ = {isa = PBXFileReference; lastKnownFileType = text.plist.xml; path = Info.plist; sourceTree = "<group>"; };
		84F9E31B264E5D810032F312 /* ListView.swift */ = {isa = PBXFileReference; lastKnownFileType = sourcecode.swift; path = ListView.swift; sourceTree = "<group>"; };
		84F9E320264E60710032F312 /* ListRowView.swift */ = {isa = PBXFileReference; lastKnownFileType = sourcecode.swift; path = ListRowView.swift; sourceTree = "<group>"; };
		84F9E323264E63130032F312 /* AddView.swift */ = {isa = PBXFileReference; lastKnownFileType = sourcecode.swift; path = AddView.swift; sourceTree = "<group>"; };
		84F9E327264E8FF00032F312 /* ItemModel.swift */ = {isa = PBXFileReference; lastKnownFileType = sourcecode.swift; path = ItemModel.swift; sourceTree = "<group>"; };
		84F9E32C264E99940032F312 /* ListViewModel.swift */ = {isa = PBXFileReference; lastKnownFileType = sourcecode.swift; path = ListViewModel.swift; sourceTree = "<group>"; };
		84F9E333264FC05C0032F312 /* NoItemView.swift */ = {isa = PBXFileReference; lastKnownFileType = sourcecode.swift; path = NoItemView.swift; sourceTree = "<group>"; };
		84F9E338264FE3210032F312 /* LaunchScreen.storyboard */ = {isa = PBXFileReference; lastKnownFileType = file.storyboard; path = LaunchScreen.storyboard; sourceTree = "<group>"; };
		84F9E33E265498110032F312 /* OpenView.swift */ = {isa = PBXFileReference; lastKnownFileType = sourcecode.swift; path = OpenView.swift; sourceTree = "<group>"; };
/* End PBXFileReference section */

/* Begin PBXFrameworksBuildPhase section */
		841913A5264E5B9B00B38CB6 /* Frameworks */ = {
			isa = PBXFrameworksBuildPhase;
			buildActionMask = 2147483647;
			files = (
			);
			runOnlyForDeploymentPostprocessing = 0;
		};
/* End PBXFrameworksBuildPhase section */

/* Begin PBXGroup section */
		8419139F264E5B9B00B38CB6 = {
			isa = PBXGroup;
			children = (
				841913AA264E5B9B00B38CB6 /* ToDoList */,
				841913A9264E5B9B00B38CB6 /* Products */,
			);
			sourceTree = "<group>";
		};
		841913A9264E5B9B00B38CB6 /* Products */ = {
			isa = PBXGroup;
			children = (
				841913A8264E5B9B00B38CB6 /* ToDoList.app */,
			);
			name = Products;
			sourceTree = "<group>";
		};
		841913AA264E5B9B00B38CB6 /* ToDoList */ = {
			isa = PBXGroup;
			children = (
				841913AB264E5B9B00B38CB6 /* AppDelegate.swift */,
				84F9E326264E8FD30032F312 /* Models */,
				84F9E32B264E995F0032F312 /* ViewModels */,
				84F9E31A264E5D520032F312 /* Views */,
				841913B1264E5BA000B38CB6 /* Assets.xcassets */,
				841913B9264E5BA000B38CB6 /* Info.plist */,
				841913B3264E5BA000B38CB6 /* Preview Content */,
			);
			path = ToDoList;
			sourceTree = "<group>";
		};
		841913B3264E5BA000B38CB6 /* Preview Content */ = {
			isa = PBXGroup;
			children = (
				841913B4264E5BA000B38CB6 /* Preview Assets.xcassets */,
			);
			path = "Preview Content";
			sourceTree = "<group>";
		};
		84F9E31A264E5D520032F312 /* Views */ = {
			isa = PBXGroup;
			children = (
				84F9E31B264E5D810032F312 /* ListView.swift */,
				84F9E320264E60710032F312 /* ListRowView.swift */,
				84F9E323264E63130032F312 /* AddView.swift */,
				84F9E333264FC05C0032F312 /* NoItemView.swift */,
				84F9E33E265498110032F312 /* OpenView.swift */,
				84F9E338264FE3210032F312 /* LaunchScreen.storyboard */,
			);
			path = Views;
			sourceTree = "<group>";
		};
		84F9E326264E8FD30032F312 /* Models */ = {
			isa = PBXGroup;
			children = (
				84F9E327264E8FF00032F312 /* ItemModel.swift */,
			);
			path = Models;
			sourceTree = "<group>";
		};
		84F9E32B264E995F0032F312 /* ViewModels */ = {
			isa = PBXGroup;
			children = (
				84F9E32C264E99940032F312 /* ListViewModel.swift */,
			);
			path = ViewModels;
			sourceTree = "<group>";
		};
/* End PBXGroup section */

/* Begin PBXNativeTarget section */
		841913A7264E5B9B00B38CB6 /* ToDoList */ = {
			isa = PBXNativeTarget;
			buildConfigurationList = 841913BC264E5BA000B38CB6 /* Build configuration list for PBXNativeTarget "ToDoList" */;
			buildPhases = (
				841913A4264E5B9B00B38CB6 /* Sources */,
				841913A5264E5B9B00B38CB6 /* Frameworks */,
				841913A6264E5B9B00B38CB6 /* Resources */,
			);
			buildRules = (
			);
			dependencies = (
			);
			name = ToDoList;
			productName = ToDoList;
			productReference = 841913A8264E5B9B00B38CB6 /* ToDoList.app */;
			productType = "com.apple.product-type.application";
		};
/* End PBXNativeTarget section */

/* Begin PBXProject section */
		841913A0264E5B9B00B38CB6 /* Project object */ = {
			isa = PBXProject;
			attributes = {
				LastSwiftUpdateCheck = 1220;
				LastUpgradeCheck = 1220;
				TargetAttributes = {
					841913A7264E5B9B00B38CB6 = {
						CreatedOnToolsVersion = 12.2;
					};
				};
			};
			buildConfigurationList = 841913A3264E5B9B00B38CB6 /* Build configuration list for PBXProject "ToDoList" */;
			compatibilityVersion = "Xcode 9.3";
			developmentRegion = en;
			hasScannedForEncodings = 0;
			knownRegions = (
				en,
				Base,
			);
			mainGroup = 8419139F264E5B9B00B38CB6;
			productRefGroup = 841913A9264E5B9B00B38CB6 /* Products */;
			projectDirPath = "";
			projectRoot = "";
			targets = (
				841913A7264E5B9B00B38CB6 /* ToDoList */,
			);
		};
/* End PBXProject section */

/* Begin PBXResourcesBuildPhase section */
		841913A6264E5B9B00B38CB6 /* Resources */ = {
			isa = PBXResourcesBuildPhase;
			buildActionMask = 2147483647;
			files = (
				84F9E339264FE3210032F312 /* LaunchScreen.storyboard in Resources */,
				841913B5264E5BA000B38CB6 /* Preview Assets.xcassets in Resources */,
				841913B2264E5BA000B38CB6 /* Assets.xcassets in Resources */,
			);
			runOnlyForDeploymentPostprocessing = 0;
		};
/* End PBXResourcesBuildPhase section */

/* Begin PBXSourcesBuildPhase section */
		841913A4264E5B9B00B38CB6 /* Sources */ = {
			isa = PBXSourcesBuildPhase;
			buildActionMask = 2147483647;
			files = (
				84F9E328264E8FF00032F312 /* ItemModel.swift in Sources */,
				84F9E334264FC05C0032F312 /* NoItemView.swift in Sources */,
				84F9E324264E63130032F312 /* AddView.swift in Sources */,
				84F9E32D264E99940032F312 /* ListViewModel.swift in Sources */,
				84F9E31C264E5D810032F312 /* ListView.swift in Sources */,
				841913AC264E5B9B00B38CB6 /* AppDelegate.swift in Sources */,
				84F9E33F265498110032F312 /* OpenView.swift in Sources */,
				84F9E321264E60710032F312 /* ListRowView.swift in Sources */,
			);
			runOnlyForDeploymentPostprocessing = 0;
		};
/* End PBXSourcesBuildPhase section */

/* Begin XCBuildConfiguration section */
		841913BA264E5BA000B38CB6 /* Debug */ = {
			isa = XCBuildConfiguration;
			buildSettings = {
				ALWAYS_SEARCH_USER_PATHS = NO;
				CLANG_ANALYZER_NONNULL = YES;
				CLANG_ANALYZER_NUMBER_OBJECT_CONVERSION = YES_AGGRESSIVE;
				CLANG_CXX_LANGUAGE_STANDARD = "gnu++14";
				CLANG_CXX_LIBRARY = "libc++";
				CLANG_ENABLE_MODULES = YES;
				CLANG_ENABLE_OBJC_ARC = YES;
				CLANG_ENABLE_OBJC_WEAK = YES;
				CLANG_WARN_BLOCK_CAPTURE_AUTORELEASING = YES;
				CLANG_WARN_BOOL_CONVERSION = YES;
				CLANG_WARN_COMMA = YES;
				CLANG_WARN_CONSTANT_CONVERSION = YES;
				CLANG_WARN_DEPRECATED_OBJC_IMPLEMENTATIONS = YES;
				CLANG_WARN_DIRECT_OBJC_ISA_USAGE = YES_ERROR;
				CLANG_WARN_DOCUMENTATION_COMMENTS = YES;
				CLANG_WARN_EMPTY_BODY = YES;
				CLANG_WARN_ENUM_CONVERSION = YES;
				CLANG_WARN_INFINITE_RECURSION = YES;
				CLANG_WARN_INT_CONVERSION = YES;
				CLANG_WARN_NON_LITERAL_NULL_CONVERSION = YES;
				CLANG_WARN_OBJC_IMPLICIT_RETAIN_SELF = YES;
				CLANG_WARN_OBJC_LITERAL_CONVERSION = YES;
				CLANG_WARN_OBJC_ROOT_CLASS = YES_ERROR;
				CLANG_WARN_QUOTED_INCLUDE_IN_FRAMEWORK_HEADER = YES;
				CLANG_WARN_RANGE_LOOP_ANALYSIS = YES;
				CLANG_WARN_STRICT_PROTOTYPES = YES;
				CLANG_WARN_SUSPICIOUS_MOVE = YES;
				CLANG_WARN_UNGUARDED_AVAILABILITY = YES_AGGRESSIVE;
				CLANG_WARN_UNREACHABLE_CODE = YES;
				CLANG_WARN__DUPLICATE_METHOD_MATCH = YES;
				COPY_PHASE_STRIP = NO;
				DEBUG_INFORMATION_FORMAT = dwarf;
				ENABLE_STRICT_OBJC_MSGSEND = YES;
				ENABLE_TESTABILITY = YES;
				GCC_C_LANGUAGE_STANDARD = gnu11;
				GCC_DYNAMIC_NO_PIC = NO;
				GCC_NO_COMMON_BLOCKS = YES;
				GCC_OPTIMIZATION_LEVEL = 0;
				GCC_PREPROCESSOR_DEFINITIONS = (
					"DEBUG=1",
					"$(inherited)",
				);
				GCC_WARN_64_TO_32_BIT_CONVERSION = YES;
				GCC_WARN_ABOUT_RETURN_TYPE = YES_ERROR;
				GCC_WARN_UNDECLARED_SELECTOR = YES;
				GCC_WARN_UNINITIALIZED_AUTOS = YES_AGGRESSIVE;
				GCC_WARN_UNUSED_FUNCTION = YES;
				GCC_WARN_UNUSED_VARIABLE = YES;
				IPHONEOS_DEPLOYMENT_TARGET = 14.2;
				MTL_ENABLE_DEBUG_INFO = INCLUDE_SOURCE;
				MTL_FAST_MATH = YES;
				ONLY_ACTIVE_ARCH = YES;
				SDKROOT = iphoneos;
				SWIFT_ACTIVE_COMPILATION_CONDITIONS = DEBUG;
				SWIFT_OPTIMIZATION_LEVEL = "-Onone";
			};
			name = Debug;
		};
		841913BB264E5BA000B38CB6 /* Release */ = {
			isa = XCBuildConfiguration;
			buildSettings = {
				ALWAYS_SEARCH_USER_PATHS = NO;
				CLANG_ANALYZER_NONNULL = YES;
				CLANG_ANALYZER_NUMBER_OBJECT_CONVERSION = YES_AGGRESSIVE;
				CLANG_CXX_LANGUAGE_STANDARD = "gnu++14";
				CLANG_CXX_LIBRARY = "libc++";
				CLANG_ENABLE_MODULES = YES;
				CLANG_ENABLE_OBJC_ARC = YES;
				CLANG_ENABLE_OBJC_WEAK = YES;
				CLANG_WARN_BLOCK_CAPTURE_AUTORELEASING = YES;
				CLANG_WARN_BOOL_CONVERSION = YES;
				CLANG_WARN_COMMA = YES;
				CLANG_WARN_CONSTANT_CONVERSION = YES;
				CLANG_WARN_DEPRECATED_OBJC_IMPLEMENTATIONS = YES;
				CLANG_WARN_DIRECT_OBJC_ISA_USAGE = YES_ERROR;
				CLANG_WARN_DOCUMENTATION_COMMENTS = YES;
				CLANG_WARN_EMPTY_BODY = YES;
				CLANG_WARN_ENUM_CONVERSION = YES;
				CLANG_WARN_INFINITE_RECURSION = YES;
				CLANG_WARN_INT_CONVERSION = YES;
				CLANG_WARN_NON_LITERAL_NULL_CONVERSION = YES;
				CLANG_WARN_OBJC_IMPLICIT_RETAIN_SELF = YES;
				CLANG_WARN_OBJC_LITERAL_CONVERSION = YES;
				CLANG_WARN_OBJC_ROOT_CLASS = YES_ERROR;
				CLANG_WARN_QUOTED_INCLUDE_IN_FRAMEWORK_HEADER = YES;
				CLANG_WARN_RANGE_LOOP_ANALYSIS = YES;
				CLANG_WARN_STRICT_PROTOTYPES = YES;
				CLANG_WARN_SUSPICIOUS_MOVE = YES;
				CLANG_WARN_UNGUARDED_AVAILABILITY = YES_AGGRESSIVE;
				CLANG_WARN_UNREACHABLE_CODE = YES;
				CLANG_WARN__DUPLICATE_METHOD_MATCH = YES;
				COPY_PHASE_STRIP = NO;
				DEBUG_INFORMATION_FORMAT = "dwarf-with-dsym";
				ENABLE_NS_ASSERTIONS = NO;
				ENABLE_STRICT_OBJC_MSGSEND = YES;
				GCC_C_LANGUAGE_STANDARD = gnu11;
				GCC_NO_COMMON_BLOCKS = YES;
				GCC_WARN_64_TO_32_BIT_CONVERSION = YES;
				GCC_WARN_ABOUT_RETURN_TYPE = YES_ERROR;
				GCC_WARN_UNDECLARED_SELECTOR = YES;
				GCC_WARN_UNINITIALIZED_AUTOS = YES_AGGRESSIVE;
				GCC_WARN_UNUSED_FUNCTION = YES;
				GCC_WARN_UNUSED_VARIABLE = YES;
				IPHONEOS_DEPLOYMENT_TARGET = 14.2;
				MTL_ENABLE_DEBUG_INFO = NO;
				MTL_FAST_MATH = YES;
				SDKROOT = iphoneos;
				SWIFT_COMPILATION_MODE = wholemodule;
				SWIFT_OPTIMIZATION_LEVEL = "-O";
				VALIDATE_PRODUCT = YES;
			};
			name = Release;
		};
		841913BD264E5BA000B38CB6 /* Debug */ = {
			isa = XCBuildConfiguration;
			buildSettings = {
				ASSETCATALOG_COMPILER_APPICON_NAME = AppIcon;
				ASSETCATALOG_COMPILER_GLOBAL_ACCENT_COLOR_NAME = AccentColor;
				CODE_SIGN_STYLE = Automatic;
				DEVELOPMENT_ASSET_PATHS = "\"ToDoList/Preview Content\"";
				DEVELOPMENT_TEAM = 99TMT2TPLC;
				ENABLE_PREVIEWS = YES;
				INFOPLIST_FILE = ToDoList/Info.plist;
				LD_RUNPATH_SEARCH_PATHS = (
					"$(inherited)",
					"@executable_path/Frameworks",
				);
				PRODUCT_BUNDLE_IDENTIFIER = avot00.ToDoList;
				PRODUCT_NAME = "$(TARGET_NAME)";
				SWIFT_VERSION = 5.0;
				TARGETED_DEVICE_FAMILY = "1,2";
			};
			name = Debug;
		};
		841913BE264E5BA000B38CB6 /* Release */ = {
			isa = XCBuildConfiguration;
			buildSettings = {
				ASSETCATALOG_COMPILER_APPICON_NAME = AppIcon;
				ASSETCATALOG_COMPILER_GLOBAL_ACCENT_COLOR_NAME = AccentColor;
				CODE_SIGN_STYLE = Automatic;
				DEVELOPMENT_ASSET_PATHS = "\"ToDoList/Preview Content\"";
				DEVELOPMENT_TEAM = 99TMT2TPLC;
				ENABLE_PREVIEWS = YES;
				INFOPLIST_FILE = ToDoList/Info.plist;
				LD_RUNPATH_SEARCH_PATHS = (
					"$(inherited)",
					"@executable_path/Frameworks",
				);
				PRODUCT_BUNDLE_IDENTIFIER = avot00.ToDoList;
				PRODUCT_NAME = "$(TARGET_NAME)";
				SWIFT_VERSION = 5.0;
				TARGETED_DEVICE_FAMILY = "1,2";
			};
			name = Release;
		};
/* End XCBuildConfiguration section */

/* Begin XCConfigurationList section */
		841913A3264E5B9B00B38CB6 /* Build configuration list for PBXProject "ToDoList" */ = {
			isa = XCConfigurationList;
			buildConfigurations = (
				841913BA264E5BA000B38CB6 /* Debug */,
				841913BB264E5BA000B38CB6 /* Release */,
			);
			defaultConfigurationIsVisible = 0;
			defaultConfigurationName = Release;
		};
		841913BC264E5BA000B38CB6 /* Build configuration list for PBXNativeTarget "ToDoList" */ = {
			isa = XCConfigurationList;
			buildConfigurations = (
				841913BD264E5BA000B38CB6 /* Debug */,
				841913BE264E5BA000B38CB6 /* Release */,
			);
			defaultConfigurationIsVisible = 0;
			defaultConfigurationName = Release;
		};
/* End XCConfigurationList section */
	};
	rootObject = 841913A0264E5B9B00B38CB6 /* Project object */;
}
